
Microsoft Visual Studio Solution File, Format Version 12.00
# Visual Studio Version 16
VisualStudioVersion = 16.0.30517.126
MinimumVisualStudioVersion = 10.0.40219.1
Project("{9A19103F-16F7-4668-BE54-9A1E7A4F7556}") = "GameOfLife", "GameOfLife\GameOfLife.csproj", "{5BE1D4A7-0FB8-4870-A068-19D97B3E0921}"
EndProject
Project("{FAE04EC0-301F-11D3-BF4B-00C04F79EFBC}") = "GameOfLifeLib", "GameOfLifeLib\GameOfLifeLib.csproj", "{B3860833-A9E5-4B80-9101-1C129ADC4E92}"
EndProject
Global
	GlobalSection(SolutionConfigurationPlatforms) = preSolution
		Debug|Any CPU = Debug|Any CPU
		Release|Any CPU = Release|Any CPU
	EndGlobalSection
	GlobalSection(ProjectConfigurationPlatforms) = postSolution
		{5BE1D4A7-0FB8-4870-A068-19D97B3E0921}.Debug|Any CPU.ActiveCfg = Debug|Any CPU
		{5BE1D4A7-0FB8-4870-A068-19D97B3E0921}.Debug|Any CPU.Build.0 = Debug|Any CPU
		{5BE1D4A7-0FB8-4870-A068-19D97B3E0921}.Release|Any CPU.ActiveCfg = Release|Any CPU
		{5BE1D4A7-0FB8-4870-A068-19D97B3E0921}.Release|Any CPU.Build.0 = Release|Any CPU
		{B3860833-A9E5-4B80-9101-1C129ADC4E92}.Debug|Any CPU.ActiveCfg = Debug|Any CPU
		{B3860833-A9E5-4B80-9101-1C129ADC4E92}.Debug|Any CPU.Build.0 = Debug|Any CPU
		{B3860833-A9E5-4B80-9101-1C129ADC4E92}.Release|Any CPU.ActiveCfg = Release|Any CPU
		{B3860833-A9E5-4B80-9101-1C129ADC4E92}.Release|Any CPU.Build.0 = Release|Any CPU
	EndGlobalSection
	GlobalSection(SolutionProperties) = preSolution
		HideSolutionNode = FALSE
	EndGlobalSection
	GlobalSection(ExtensibilityGlobals) = postSolution
		SolutionGuid = {187E966A-3462-4C07-A275-38032A2E33EE}
	EndGlobalSection
EndGlobal
